
Microsoft Visual Studio Solution File, Format Version 12.00
# Visual Studio Version 16
VisualStudioVersion = 16.0.30711.63
MinimumVisualStudioVersion = 10.0.40219.1
Project("{FAE04EC0-301F-11D3-BF4B-00C04F79EFBC}") = "Aplicacion", "Aplicacion\Aplicacion.csproj", "{56A947D4-38BD-479B-B44A-CEBBA4FEA619}"
EndProject
Global
	GlobalSection(SolutionConfigurationPlatforms) = preSolution
		Debug|Any CPU = Debug|Any CPU
		Release|Any CPU = Release|Any CPU
	EndGlobalSection
	GlobalSection(ProjectConfigurationPlatforms) = postSolution
		{56A947D4-38BD-479B-B44A-CEBBA4FEA619}.Debug|Any CPU.ActiveCfg = Debug|Any CPU
		{56A947D4-38BD-479B-B44A-CEBBA4FEA619}.Debug|Any CPU.Build.0 = Debug|Any CPU
		{56A947D4-38BD-479B-B44A-CEBBA4FEA619}.Release|Any CPU.ActiveCfg = Release|Any CPU
		{56A947D4-38BD-479B-B44A-CEBBA4FEA619}.Release|Any CPU.Build.0 = Release|Any CPU
	EndGlobalSection
	GlobalSection(SolutionProperties) = preSolution
		HideSolutionNode = FALSE
	EndGlobalSection
	GlobalSection(ExtensibilityGlobals) = postSolution
		SolutionGuid = {F970F16A-9A53-43C5-846D-7107F04C5747}
	EndGlobalSection
EndGlobal
